
Microsoft Visual Studio Solution File, Format Version 12.00
# Visual Studio 14
VisualStudioVersion = 14.0.25420.1
MinimumVisualStudioVersion = 10.0.40219.1
Project("{F184B08F-C81C-45F6-A57F-5ABD9991F28F}") = "PatientInfo", "PatientInfo\PatientInfo.vbproj", "{F380931E-CD73-4366-BA24-D5BFACEFACFD}"
EndProject
Project("{2150E333-8FDC-42A3-9474-1A3956D46DE8}") = "Solution Items", "Solution Items", "{61E71EAE-7280-42C7-846A-0BE724FDF80D}"
	ProjectSection(SolutionItems) = preProject
		PatientInfo\user\PatientInfo.ini = PatientInfo\user\PatientInfo.ini
		PatientInfo\user\readme.txt = PatientInfo\user\readme.txt
		PatientInfo\user\zip.sql = PatientInfo\user\zip.sql
		PatientInfo\user\zip_index.sql = PatientInfo\user\zip_index.sql
		PatientInfo\user\zip_make.cmd = PatientInfo\user\zip_make.cmd
	EndProjectSection
EndProject
Global
	GlobalSection(SolutionConfigurationPlatforms) = preSolution
		Debug|Any CPU = Debug|Any CPU
		Debug|x86 = Debug|x86
		Release|Any CPU = Release|Any CPU
		Release|x86 = Release|x86
	EndGlobalSection
	GlobalSection(ProjectConfigurationPlatforms) = postSolution
		{F380931E-CD73-4366-BA24-D5BFACEFACFD}.Debug|Any CPU.ActiveCfg = Debug|Any CPU
		{F380931E-CD73-4366-BA24-D5BFACEFACFD}.Debug|Any CPU.Build.0 = Debug|Any CPU
		{F380931E-CD73-4366-BA24-D5BFACEFACFD}.Debug|x86.ActiveCfg = Debug|x86
		{F380931E-CD73-4366-BA24-D5BFACEFACFD}.Debug|x86.Build.0 = Debug|x86
		{F380931E-CD73-4366-BA24-D5BFACEFACFD}.Release|Any CPU.ActiveCfg = Release|Any CPU
		{F380931E-CD73-4366-BA24-D5BFACEFACFD}.Release|Any CPU.Build.0 = Release|Any CPU
		{F380931E-CD73-4366-BA24-D5BFACEFACFD}.Release|x86.ActiveCfg = Release|x86
		{F380931E-CD73-4366-BA24-D5BFACEFACFD}.Release|x86.Build.0 = Release|x86
	EndGlobalSection
	GlobalSection(SolutionProperties) = preSolution
		HideSolutionNode = FALSE
	EndGlobalSection
EndGlobal
